#MicroXplorer Configuration settings - do not modify
ADC.ClockPrescaler=ADC_CLOCK_ASYNC_DIV1
ADC.ContinuousConvMode=ENABLE
ADC.EnableAnalogWatchDog=true
ADC.HighThreshold=3100
ADC.IPParameters=EnableAnalogWatchDog,HighThreshold,LowThreshold,ITMode,ContinuousConvMode,Overrun,SamplingTime,ClockPrescaler
ADC.ITMode=ENABLE
ADC.LowThreshold=1200
ADC.Overrun=ADC_OVR_DATA_OVERWRITTEN
ADC.SamplingTime=ADC_SAMPLETIME_55CYCLES_5
File.Version=6
I2C1.Analog_Filter=I2C_ANALOGFILTER_ENABLE
I2C1.I2C_Fall_Time=0
I2C1.I2C_Rise_Time=0
I2C1.I2C_Speed_Mode=I2C_Fast
I2C1.IPParameters=I2C_Speed_Mode,Timing,NoStretchMode,I2C_Rise_Time,I2C_Fall_Time,Speed,Analog_Filter
I2C1.NoStretchMode=I2C_NOSTRETCH_DISABLE
I2C1.Speed=400
I2C1.Timing=0x0000020B
KeepUserPlacement=false
Mcu.Family=STM32F0
Mcu.IP0=ADC
Mcu.IP1=I2C1
Mcu.IP2=NVIC
Mcu.IP3=RCC
Mcu.IP4=SPI1
Mcu.IP5=SYS
Mcu.IPNb=6
Mcu.Name=STM32F030F4Px
Mcu.Package=TSSOP20
Mcu.Pin0=PF0-OSC_IN
Mcu.Pin1=PF1-OSC_OUT
Mcu.Pin10=PA9
Mcu.Pin11=PA10
Mcu.Pin12=VP_SYS_VS_Systick
Mcu.Pin2=PA0
Mcu.Pin3=PA2
Mcu.Pin4=PA3
Mcu.Pin5=PA4
Mcu.Pin6=PA5
Mcu.Pin7=PA6
Mcu.Pin8=PA7
Mcu.Pin9=PB1
Mcu.PinsNb=13
Mcu.ThirdPartyNb=0
Mcu.UserConstants=
Mcu.UserName=STM32F030F4Px
MxCube.Version=5.4.0
MxDb.Version=DB.5.0.40
NVIC.ADC1_IRQn=true\:0\:0\:false\:false\:true\:true\:true
NVIC.EXTI0_1_IRQn=true\:3\:0\:true\:false\:true\:true\:true
NVIC.ForceEnableDMAVector=true
NVIC.HardFault_IRQn=true\:0\:0\:false\:false\:true\:false\:false
NVIC.NonMaskableInt_IRQn=true\:0\:0\:false\:false\:true\:false\:false
NVIC.PendSV_IRQn=true\:0\:0\:false\:false\:true\:false\:false
NVIC.SPI1_IRQn=true\:1\:0\:true\:false\:false\:true\:true
NVIC.SVC_IRQn=true\:0\:0\:false\:false\:true\:false\:false
NVIC.SysTick_IRQn=true\:3\:0\:true\:false\:true\:false\:true
PA0.Locked=true
PA0.Mode=IN0
PA0.Signal=ADC_IN0
PA10.GPIOParameters=GPIO_Speed,GPIO_FMA10,GPIO_PuPdOD,GPIO_Mode
PA10.GPIO_FMA10=__NULL
PA10.GPIO_Mode=GPIO_MODE_AF_OD
PA10.GPIO_PuPdOD=GPIO_PULLUP
PA10.GPIO_Speed=GPIO_SPEED_FREQ_HIGH
PA10.Mode=I2C
PA10.Signal=I2C1_SDA
PA2.GPIOParameters=GPIO_Speed,PinState,GPIO_PuPd,GPIO_Label,GPIO_ModeDefaultOutputPP
PA2.GPIO_Label=ST
PA2.GPIO_ModeDefaultOutputPP=GPIO_MODE_OUTPUT_PP
PA2.GPIO_PuPd=GPIO_NOPULL
PA2.GPIO_Speed=GPIO_SPEED_FREQ_LOW
PA2.Locked=true
PA2.PinState=GPIO_PIN_RESET
PA2.Signal=GPIO_Output
PA3.GPIOParameters=GPIO_Speed,PinState,GPIO_PuPd,GPIO_Label,GPIO_ModeDefaultOutputPP
PA3.GPIO_Label=SD
PA3.GPIO_ModeDefaultOutputPP=GPIO_MODE_OUTPUT_PP
PA3.GPIO_PuPd=GPIO_NOPULL
PA3.GPIO_Speed=GPIO_SPEED_FREQ_LOW
PA3.Locked=true
PA3.PinState=GPIO_PIN_RESET
PA3.Signal=GPIO_Output
PA4.GPIOParameters=GPIO_PuPd,GPIO_Label,GPIO_Mode
PA4.GPIO_Label=CE
PA4.GPIO_Mode=GPIO_MODE_INPUT
PA4.GPIO_PuPd=GPIO_NOPULL
PA4.Locked=true
PA4.Signal=GPIO_Input
PA5.GPIOParameters=GPIO_Speed,GPIO_PuPd,GPIO_Mode
PA5.GPIO_Mode=GPIO_MODE_AF_PP
PA5.GPIO_PuPd=GPIO_NOPULL
PA5.GPIO_Speed=GPIO_SPEED_FREQ_HIGH
PA5.Mode=Full_Duplex_Slave
PA5.Signal=SPI1_SCK
PA6.GPIOParameters=GPIO_Speed,GPIO_PuPd,GPIO_Mode
PA6.GPIO_Mode=GPIO_MODE_AF_PP
PA6.GPIO_PuPd=GPIO_NOPULL
PA6.GPIO_Speed=GPIO_SPEED_FREQ_HIGH
PA6.Mode=Full_Duplex_Slave
PA6.Signal=SPI1_MISO
PA7.GPIOParameters=GPIO_Speed,GPIO_PuPd,GPIO_Mode
PA7.GPIO_Mode=GPIO_MODE_AF_PP
PA7.GPIO_PuPd=GPIO_NOPULL
PA7.GPIO_Speed=GPIO_SPEED_FREQ_HIGH
PA7.Mode=Full_Duplex_Slave
PA7.Signal=SPI1_MOSI
PA9.GPIOParameters=GPIO_Speed,GPIO_FMA9,GPIO_PuPdOD,GPIO_Mode
PA9.GPIO_FMA9=__NULL
PA9.GPIO_Mode=GPIO_MODE_AF_OD
PA9.GPIO_PuPdOD=GPIO_PULLUP
PA9.GPIO_Speed=GPIO_SPEED_FREQ_HIGH
PA9.Mode=I2C
PA9.Signal=I2C1_SCL
PB1.GPIOParameters=GPIO_Label
PB1.GPIO_Label=RDS
PB1.Locked=true
PB1.Signal=TIM1_CH3N
PCC.Checker=false
PCC.Line=STM32F0x0 Value Line
PCC.MCU=STM32F030F4Px
PCC.PartNumber=STM32F030F4Px
PCC.Seq0=0
PCC.Series=STM32F0
PCC.Temperature=25
PCC.Vdd=3.6
PF0-OSC_IN.GPIOParameters=GPIO_PuPd,GPIO_Label,GPIO_ModeDefaultEXTI
PF0-OSC_IN.GPIO_Label=CTS
PF0-OSC_IN.GPIO_ModeDefaultEXTI=GPIO_MODE_IT_RISING
PF0-OSC_IN.GPIO_PuPd=GPIO_NOPULL
PF0-OSC_IN.Locked=true
PF0-OSC_IN.Signal=GPXTI0
PF1-OSC_OUT.GPIOParameters=GPIO_Speed,PinState,GPIO_PuPd,GPIO_Label,GPIO_ModeDefaultOutputPP
PF1-OSC_OUT.GPIO_Label=RST
PF1-OSC_OUT.GPIO_ModeDefaultOutputPP=GPIO_MODE_OUTPUT_PP
PF1-OSC_OUT.GPIO_PuPd=GPIO_NOPULL
PF1-OSC_OUT.GPIO_Speed=GPIO_SPEED_FREQ_LOW
PF1-OSC_OUT.Locked=true
PF1-OSC_OUT.PinState=GPIO_PIN_RESET
PF1-OSC_OUT.Signal=GPIO_Output
PinOutPanel.RotationAngle=0
ProjectManager.AskForMigrate=true
ProjectManager.BackupPrevious=false
ProjectManager.CompilerOptimize=6
ProjectManager.ComputerToolchain=false
ProjectManager.CoupleFile=false
ProjectManager.CustomerFirmwarePackage=
ProjectManager.DefaultFWLocation=true
ProjectManager.DeletePrevious=true
ProjectManager.DeviceId=STM32F030F4Px
ProjectManager.FirmwarePackage=STM32Cube FW_F0 V1.11.0
ProjectManager.FreePins=false
ProjectManager.HalAssertFull=false
ProjectManager.HeapSize=0x200
ProjectManager.KeepUserCode=true
ProjectManager.LastFirmware=true
ProjectManager.LibraryCopy=1
ProjectManager.MainLocation=Src
ProjectManager.NoMain=false
ProjectManager.PreviousToolchain=
ProjectManager.ProjectBuild=false
ProjectManager.ProjectFileName=Si4735 FM Tuner.ioc
ProjectManager.ProjectName=Si4735 FM Tuner
ProjectManager.StackSize=0x400
ProjectManager.TargetToolchain=EWARM V8
ProjectManager.ToolChainLocation=
ProjectManager.UnderRoot=false
ProjectManager.functionlistsort=1-MX_GPIO_Init-GPIO-false-HAL-true,2-SystemClock_Config-RCC-false-HAL-false,3-MX_ADC_Init-ADC-false-HAL-true,4-MX_I2C1_Init-I2C1-false-HAL-true,5-MX_SPI1_Init-SPI1-false-LL-true,6-MX_TIM1_Init-TIM1-false-HAL-true
RCC.FamilyName=M
RCC.I2c1ClockSelection=RCC_I2C1CLKSOURCE_SYSCLK
RCC.IPParameters=FamilyName,I2c1ClockSelection,PLLCLKFreq_Value,TimSysFreq_Value
RCC.PLLCLKFreq_Value=8000000
RCC.TimSysFreq_Value=8000000
SH.GPXTI0.0=GPIO_EXTI0
SH.GPXTI0.ConfNb=1
SPI1.CLKPhase=SPI_PHASE_2EDGE
SPI1.CLKPolarity=SPI_POLARITY_HIGH
SPI1.DataSize=SPI_DATASIZE_8BIT
SPI1.Direction=SPI_DIRECTION_2LINES
SPI1.FirstBit=SPI_FIRSTBIT_LSB
SPI1.IPParameters=VirtualType,Mode,Direction,DataSize,CLKPolarity,CLKPhase,FirstBit
SPI1.Mode=SPI_MODE_SLAVE
SPI1.VirtualType=VM_SLAVE
VP_SYS_VS_Systick.Mode=SysTick
VP_SYS_VS_Systick.Signal=SYS_VS_Systick
board=custom
